
Microsoft Visual Studio Solution File, Format Version 12.00
Project("{FAE04EC0-301F-11D3-BF4B-00C04F79EFBC}") = "Schedlify", "Schedlify\Schedlify.csproj", "{4C274A8B-F49A-4476-91E5-F8F0090687A3}"
EndProject
Global
	GlobalSection(SolutionConfigurationPlatforms) = preSolution
		Debug|Any CPU = Debug|Any CPU
		Release|Any CPU = Release|Any CPU
	EndGlobalSection
	GlobalSection(ProjectConfigurationPlatforms) = postSolution
		{4C274A8B-F49A-4476-91E5-F8F0090687A3}.Debug|Any CPU.ActiveCfg = Debug|Any CPU
		{4C274A8B-F49A-4476-91E5-F8F0090687A3}.Debug|Any CPU.Build.0 = Debug|Any CPU
		{4C274A8B-F49A-4476-91E5-F8F0090687A3}.Release|Any CPU.ActiveCfg = Release|Any CPU
		{4C274A8B-F49A-4476-91E5-F8F0090687A3}.Release|Any CPU.Build.0 = Release|Any CPU
	EndGlobalSection
EndGlobal
